// !$*UTF8*$!
{
	archiveVersion = 1;
	classes = {
	};
	objectVersion = 46;
	objects = {

/* Begin PBXBuildFile section */
		07820482199E13E800CE9036 /* Foundation.framework in Frameworks */ = {isa = PBXBuildFile; fileRef = 07820481199E13E800CE9036 /* Foundation.framework */; };
		07820484199E13E800CE9036 /* CoreGraphics.framework in Frameworks */ = {isa = PBXBuildFile; fileRef = 07820483199E13E800CE9036 /* CoreGraphics.framework */; };
		07820486199E13E800CE9036 /* UIKit.framework in Frameworks */ = {isa = PBXBuildFile; fileRef = 07820485199E13E800CE9036 /* UIKit.framework */; };
		0782048C199E13E800CE9036 /* InfoPlist.strings in Resources */ = {isa = PBXBuildFile; fileRef = 0782048A199E13E800CE9036 /* InfoPlist.strings */; };
		0782048E199E13E800CE9036 /* main.m in Sources */ = {isa = PBXBuildFile; fileRef = 0782048D199E13E800CE9036 /* main.m */; };
		07820492199E13E800CE9036 /* AppDelegate.m in Sources */ = {isa = PBXBuildFile; fileRef = 07820491199E13E800CE9036 /* AppDelegate.m */; };
		07820495199E13E800CE9036 /* Main.storyboard in Resources */ = {isa = PBXBuildFile; fileRef = 07820493199E13E800CE9036 /* Main.storyboard */; };
		07820498199E13E800CE9036 /* ViewController.m in Sources */ = {isa = PBXBuildFile; fileRef = 07820497199E13E800CE9036 /* ViewController.m */; };
		0782049A199E13E800CE9036 /* Images.xcassets in Resources */ = {isa = PBXBuildFile; fileRef = 07820499199E13E800CE9036 /* Images.xcassets */; };
		078204A1199E13E800CE9036 /* XCTest.framework in Frameworks */ = {isa = PBXBuildFile; fileRef = 078204A0199E13E800CE9036 /* XCTest.framework */; };
		078204A2199E13E800CE9036 /* Foundation.framework in Frameworks */ = {isa = PBXBuildFile; fileRef = 07820481199E13E800CE9036 /* Foundation.framework */; };
		078204A3199E13E800CE9036 /* UIKit.framework in Frameworks */ = {isa = PBXBuildFile; fileRef = 07820485199E13E800CE9036 /* UIKit.framework */; };
		078204AB199E13E800CE9036 /* InfoPlist.strings in Resources */ = {isa = PBXBuildFile; fileRef = 078204A9199E13E800CE9036 /* InfoPlist.strings */; };
		078204AD199E13E800CE9036 /* CameraTest2Tests.m in Sources */ = {isa = PBXBuildFile; fileRef = 078204AC199E13E800CE9036 /* CameraTest2Tests.m */; };
		078204B7199E15BF00CE9036 /* AVFoundation.framework in Frameworks */ = {isa = PBXBuildFile; fileRef = 078204B6199E15BF00CE9036 /* AVFoundation.framework */; };
		078204BA199E195800CE9036 /* PhotoProcessingViewController.m in Sources */ = {isa = PBXBuildFile; fileRef = 078204B9199E195800CE9036 /* PhotoProcessingViewController.m */; };
		078204BC199E348300CE9036 /* AssetsLibrary.framework in Frameworks */ = {isa = PBXBuildFile; fileRef = 078204BB199E348300CE9036 /* AssetsLibrary.framework */; };
		078204BE199E364000CE9036 /* ImageIO.framework in Frameworks */ = {isa = PBXBuildFile; fileRef = 078204BD199E364000CE9036 /* ImageIO.framework */; };
		078204C2199E4D3900CE9036 /* VPImageCropperViewController.m in Sources */ = {isa = PBXBuildFile; fileRef = 078204C1199E4D3900CE9036 /* VPImageCropperViewController.m */; };
		0782054B199EBCD900CE9036 /* PixellatedPeople.m in Sources */ = {isa = PBXBuildFile; fileRef = 07820548199EBCD900CE9036 /* PixellatedPeople.m */; };
		0782054D199EBCD900CE9036 /* SimpleCustom.m in Sources */ = {isa = PBXBuildFile; fileRef = 0782054A199EBCD900CE9036 /* SimpleCustom.m */; };
		07820550199EBD2D00CE9036 /* OldeFilm.m in Sources */ = {isa = PBXBuildFile; fileRef = 0782054F199EBD2D00CE9036 /* OldeFilm.m */; };
/* End PBXBuildFile section */

/* Begin PBXContainerItemProxy section */
		078204A4199E13E800CE9036 /* PBXContainerItemProxy */ = {
			isa = PBXContainerItemProxy;
			containerPortal = 07820476199E13E800CE9036 /* Project object */;
			proxyType = 1;
			remoteGlobalIDString = 0782047D199E13E800CE9036;
			remoteInfo = CameraTest2;
		};
/* End PBXContainerItemProxy section */

/* Begin PBXFileReference section */
		0782047E199E13E800CE9036 /* CameraTest2.app */ = {isa = PBXFileReference; explicitFileType = wrapper.application; includeInIndex = 0; path = CameraTest2.app; sourceTree = BUILT_PRODUCTS_DIR; };
		07820481199E13E800CE9036 /* Foundation.framework */ = {isa = PBXFileReference; lastKnownFileType = wrapper.framework; name = Foundation.framework; path = System/Library/Frameworks/Foundation.framework; sourceTree = SDKROOT; };
		07820483199E13E800CE9036 /* CoreGraphics.framework */ = {isa = PBXFileReference; lastKnownFileType = wrapper.framework; name = CoreGraphics.framework; path = System/Library/Frameworks/CoreGraphics.framework; sourceTree = SDKROOT; };
		07820485199E13E800CE9036 /* UIKit.framework */ = {isa = PBXFileReference; lastKnownFileType = wrapper.framework; name = UIKit.framework; path = System/Library/Frameworks/UIKit.framework; sourceTree = SDKROOT; };
		07820489199E13E800CE9036 /* CameraTest2-Info.plist */ = {isa = PBXFileReference; lastKnownFileType = text.plist.xml; path = "CameraTest2-Info.plist"; sourceTree = "<group>"; };
		0782048B199E13E800CE9036 /* en */ = {isa = PBXFileReference; lastKnownFileType = text.plist.strings; name = en; path = en.lproj/InfoPlist.strings; sourceTree = "<group>"; };
		0782048D199E13E800CE9036 /* main.m */ = {isa = PBXFileReference; lastKnownFileType = sourcecode.c.objc; path = main.m; sourceTree = "<group>"; };
		0782048F199E13E800CE9036 /* CameraTest2-Prefix.pch */ = {isa = PBXFileReference; lastKnownFileType = sourcecode.c.h; path = "CameraTest2-Prefix.pch"; sourceTree = "<group>"; };
		07820490199E13E800CE9036 /* AppDelegate.h */ = {isa = PBXFileReference; lastKnownFileType = sourcecode.c.h; path = AppDelegate.h; sourceTree = "<group>"; };
		07820491199E13E800CE9036 /* AppDelegate.m */ = {isa = PBXFileReference; lastKnownFileType = sourcecode.c.objc; path = AppDelegate.m; sourceTree = "<group>"; };
		07820494199E13E800CE9036 /* Base */ = {isa = PBXFileReference; lastKnownFileType = file.storyboard; name = Base; path = Base.lproj/Main.storyboard; sourceTree = "<group>"; };
		07820496199E13E800CE9036 /* ViewController.h */ = {isa = PBXFileReference; lastKnownFileType = sourcecode.c.h; path = ViewController.h; sourceTree = "<group>"; };
		07820497199E13E800CE9036 /* ViewController.m */ = {isa = PBXFileReference; lastKnownFileType = sourcecode.c.objc; path = ViewController.m; sourceTree = "<group>"; };
		07820499199E13E800CE9036 /* Images.xcassets */ = {isa = PBXFileReference; lastKnownFileType = folder.assetcatalog; path = Images.xcassets; sourceTree = "<group>"; };
		0782049F199E13E800CE9036 /* CameraTest2Tests.xctest */ = {isa = PBXFileReference; explicitFileType = wrapper.cfbundle; includeInIndex = 0; path = CameraTest2Tests.xctest; sourceTree = BUILT_PRODUCTS_DIR; };
		078204A0199E13E800CE9036 /* XCTest.framework */ = {isa = PBXFileReference; lastKnownFileType = wrapper.framework; name = XCTest.framework; path = Library/Frameworks/XCTest.framework; sourceTree = DEVELOPER_DIR; };
		078204A8199E13E800CE9036 /* CameraTest2Tests-Info.plist */ = {isa = PBXFileReference; lastKnownFileType = text.plist.xml; path = "CameraTest2Tests-Info.plist"; sourceTree = "<group>"; };
		078204AA199E13E800CE9036 /* en */ = {isa = PBXFileReference; lastKnownFileType = text.plist.strings; name = en; path = en.lproj/InfoPlist.strings; sourceTree = "<group>"; };
		078204AC199E13E800CE9036 /* CameraTest2Tests.m */ = {isa = PBXFileReference; lastKnownFileType = sourcecode.c.objc; path = CameraTest2Tests.m; sourceTree = "<group>"; };
		078204B6199E15BF00CE9036 /* AVFoundation.framework */ = {isa = PBXFileReference; lastKnownFileType = wrapper.framework; name = AVFoundation.framework; path = System/Library/Frameworks/AVFoundation.framework; sourceTree = SDKROOT; };
		078204B8199E195800CE9036 /* PhotoProcessingViewController.h */ = {isa = PBXFileReference; fileEncoding = 4; lastKnownFileType = sourcecode.c.h; path = PhotoProcessingViewController.h; sourceTree = "<group>"; };
		078204B9199E195800CE9036 /* PhotoProcessingViewController.m */ = {isa = PBXFileReference; fileEncoding = 4; lastKnownFileType = sourcecode.c.objc; path = PhotoProcessingViewController.m; sourceTree = "<group>"; };
		078204BB199E348300CE9036 /* AssetsLibrary.framework */ = {isa = PBXFileReference; lastKnownFileType = wrapper.framework; name = AssetsLibrary.framework; path = System/Library/Frameworks/AssetsLibrary.framework; sourceTree = SDKROOT; };
		078204BD199E364000CE9036 /* ImageIO.framework */ = {isa = PBXFileReference; lastKnownFileType = wrapper.framework; name = ImageIO.framework; path = System/Library/Frameworks/ImageIO.framework; sourceTree = SDKROOT; };
		078204C0199E4D3900CE9036 /* VPImageCropperViewController.h */ = {isa = PBXFileReference; fileEncoding = 4; lastKnownFileType = sourcecode.c.h; path = VPImageCropperViewController.h; sourceTree = "<group>"; };
		078204C1199E4D3900CE9036 /* VPImageCropperViewController.m */ = {isa = PBXFileReference; fileEncoding = 4; lastKnownFileType = sourcecode.c.objc; path = VPImageCropperViewController.m; sourceTree = "<group>"; };
		07820548199EBCD900CE9036 /* PixellatedPeople.m */ = {isa = PBXFileReference; fileEncoding = 4; lastKnownFileType = sourcecode.c.objc; path = PixellatedPeople.m; sourceTree = "<group>"; };
		0782054A199EBCD900CE9036 /* SimpleCustom.m */ = {isa = PBXFileReference; fileEncoding = 4; lastKnownFileType = sourcecode.c.objc; path = SimpleCustom.m; sourceTree = "<group>"; };
		0782054F199EBD2D00CE9036 /* OldeFilm.m */ = {isa = PBXFileReference; fileEncoding = 4; lastKnownFileType = sourcecode.c.objc; path = OldeFilm.m; sourceTree = "<group>"; };
/* End PBXFileReference section */

/* Begin PBXFrameworksBuildPhase section */
		0782047B199E13E800CE9036 /* Frameworks */ = {
			isa = PBXFrameworksBuildPhase;
			buildActionMask = 2147483647;
			files = (
				078204BE199E364000CE9036 /* ImageIO.framework in Frameworks */,
				078204BC199E348300CE9036 /* AssetsLibrary.framework in Frameworks */,
				078204B7199E15BF00CE9036 /* AVFoundation.framework in Frameworks */,
				07820484199E13E800CE9036 /* CoreGraphics.framework in Frameworks */,
				07820486199E13E800CE9036 /* UIKit.framework in Frameworks */,
				07820482199E13E800CE9036 /* Foundation.framework in Frameworks */,
			);
			runOnlyForDeploymentPostprocessing = 0;
		};
		0782049C199E13E800CE9036 /* Frameworks */ = {
			isa = PBXFrameworksBuildPhase;
			buildActionMask = 2147483647;
			files = (
				078204A1199E13E800CE9036 /* XCTest.framework in Frameworks */,
				078204A3199E13E800CE9036 /* UIKit.framework in Frameworks */,
				078204A2199E13E800CE9036 /* Foundation.framework in Frameworks */,
			);
			runOnlyForDeploymentPostprocessing = 0;
		};
/* End PBXFrameworksBuildPhase section */

/* Begin PBXGroup section */
		07820475199E13E800CE9036 = {
			isa = PBXGroup;
			children = (
				07820487199E13E800CE9036 /* CameraTest2 */,
				078204A6199E13E800CE9036 /* CameraTest2Tests */,
				07820480199E13E800CE9036 /* Frameworks */,
				0782047F199E13E800CE9036 /* Products */,
			);
			sourceTree = "<group>";
		};
		0782047F199E13E800CE9036 /* Products */ = {
			isa = PBXGroup;
			children = (
				0782047E199E13E800CE9036 /* CameraTest2.app */,
				0782049F199E13E800CE9036 /* CameraTest2Tests.xctest */,
			);
			name = Products;
			sourceTree = "<group>";
		};
		07820480199E13E800CE9036 /* Frameworks */ = {
			isa = PBXGroup;
			children = (
				078204BD199E364000CE9036 /* ImageIO.framework */,
				078204BB199E348300CE9036 /* AssetsLibrary.framework */,
				078204B6199E15BF00CE9036 /* AVFoundation.framework */,
				07820481199E13E800CE9036 /* Foundation.framework */,
				07820483199E13E800CE9036 /* CoreGraphics.framework */,
				07820485199E13E800CE9036 /* UIKit.framework */,
				078204A0199E13E800CE9036 /* XCTest.framework */,
			);
			name = Frameworks;
			sourceTree = "<group>";
		};
		07820487199E13E800CE9036 /* CameraTest2 */ = {
			isa = PBXGroup;
			children = (
				078204BF199E4D3900CE9036 /* VPImageCropper */,
				078204B8199E195800CE9036 /* PhotoProcessingViewController.h */,
				078204B9199E195800CE9036 /* PhotoProcessingViewController.m */,
				07820490199E13E800CE9036 /* AppDelegate.h */,
				07820491199E13E800CE9036 /* AppDelegate.m */,
				07820493199E13E800CE9036 /* Main.storyboard */,
				07820496199E13E800CE9036 /* ViewController.h */,
				07820497199E13E800CE9036 /* ViewController.m */,
				07820499199E13E800CE9036 /* Images.xcassets */,
				07820488199E13E800CE9036 /* Supporting Files */,
			);
			path = CameraTest2;
			sourceTree = "<group>";
		};
		07820488199E13E800CE9036 /* Supporting Files */ = {
			isa = PBXGroup;
			children = (
				0782054E199EBCE500CE9036 /* Custom Filters */,
				07820489199E13E800CE9036 /* CameraTest2-Info.plist */,
				0782048A199E13E800CE9036 /* InfoPlist.strings */,
				0782048D199E13E800CE9036 /* main.m */,
				0782048F199E13E800CE9036 /* CameraTest2-Prefix.pch */,
			);
			name = "Supporting Files";
			sourceTree = "<group>";
		};
		078204A6199E13E800CE9036 /* CameraTest2Tests */ = {
			isa = PBXGroup;
			children = (
				078204AC199E13E800CE9036 /* CameraTest2Tests.m */,
				078204A7199E13E800CE9036 /* Supporting Files */,
			);
			path = CameraTest2Tests;
			sourceTree = "<group>";
		};
		078204A7199E13E800CE9036 /* Supporting Files */ = {
			isa = PBXGroup;
			children = (
				078204A8199E13E800CE9036 /* CameraTest2Tests-Info.plist */,
				078204A9199E13E800CE9036 /* InfoPlist.strings */,
			);
			name = "Supporting Files";
			sourceTree = "<group>";
		};
		078204BF199E4D3900CE9036 /* VPImageCropper */ = {
			isa = PBXGroup;
			children = (
				078204C0199E4D3900CE9036 /* VPImageCropperViewController.h */,
				078204C1199E4D3900CE9036 /* VPImageCropperViewController.m */,
			);
			path = VPImageCropper;
			sourceTree = "<group>";
		};
		0782054E199EBCE500CE9036 /* Custom Filters */ = {
			isa = PBXGroup;
			children = (
				0782054F199EBD2D00CE9036 /* OldeFilm.m */,
				07820548199EBCD900CE9036 /* PixellatedPeople.m */,
				0782054A199EBCD900CE9036 /* SimpleCustom.m */,
			);
			name = "Custom Filters";
			sourceTree = "<group>";
		};
/* End PBXGroup section */

/* Begin PBXNativeTarget section */
		0782047D199E13E800CE9036 /* CameraTest2 */ = {
			isa = PBXNativeTarget;
			buildConfigurationList = 078204B0199E13E800CE9036 /* Build configuration list for PBXNativeTarget "CameraTest2" */;
			buildPhases = (
				0782047A199E13E800CE9036 /* Sources */,
				0782047B199E13E800CE9036 /* Frameworks */,
				0782047C199E13E800CE9036 /* Resources */,
			);
			buildRules = (
			);
			dependencies = (
			);
			name = CameraTest2;
			productName = CameraTest2;
			productReference = 0782047E199E13E800CE9036 /* CameraTest2.app */;
			productType = "com.apple.product-type.application";
		};
		0782049E199E13E800CE9036 /* CameraTest2Tests */ = {
			isa = PBXNativeTarget;
			buildConfigurationList = 078204B3199E13E800CE9036 /* Build configuration list for PBXNativeTarget "CameraTest2Tests" */;
			buildPhases = (
				0782049B199E13E800CE9036 /* Sources */,
				0782049C199E13E800CE9036 /* Frameworks */,
				0782049D199E13E800CE9036 /* Resources */,
			);
			buildRules = (
			);
			dependencies = (
				078204A5199E13E800CE9036 /* PBXTargetDependency */,
			);
			name = CameraTest2Tests;
			productName = CameraTest2Tests;
			productReference = 0782049F199E13E800CE9036 /* CameraTest2Tests.xctest */;
			productType = "com.apple.product-type.bundle.unit-test";
		};
/* End PBXNativeTarget section */

/* Begin PBXProject section */
		07820476199E13E800CE9036 /* Project object */ = {
			isa = PBXProject;
			attributes = {
				LastUpgradeCheck = 0510;
				ORGANIZATIONNAME = Self;
				TargetAttributes = {
					0782049E199E13E800CE9036 = {
						TestTargetID = 0782047D199E13E800CE9036;
					};
				};
			};
			buildConfigurationList = 07820479199E13E800CE9036 /* Build configuration list for PBXProject "CameraTest2" */;
			compatibilityVersion = "Xcode 3.2";
			developmentRegion = English;
			hasScannedForEncodings = 0;
			knownRegions = (
				en,
				Base,
			);
			mainGroup = 07820475199E13E800CE9036;
			productRefGroup = 0782047F199E13E800CE9036 /* Products */;
			projectDirPath = "";
			projectRoot = "";
			targets = (
				0782047D199E13E800CE9036 /* CameraTest2 */,
				0782049E199E13E800CE9036 /* CameraTest2Tests */,
			);
		};
/* End PBXProject section */

/* Begin PBXResourcesBuildPhase section */
		0782047C199E13E800CE9036 /* Resources */ = {
			isa = PBXResourcesBuildPhase;
			buildActionMask = 2147483647;
			files = (
				0782049A199E13E800CE9036 /* Images.xcassets in Resources */,
				0782048C199E13E800CE9036 /* InfoPlist.strings in Resources */,
				07820495199E13E800CE9036 /* Main.storyboard in Resources */,
			);
			runOnlyForDeploymentPostprocessing = 0;
		};
		0782049D199E13E800CE9036 /* Resources */ = {
			isa = PBXResourcesBuildPhase;
			buildActionMask = 2147483647;
			files = (
				078204AB199E13E800CE9036 /* InfoPlist.strings in Resources */,
			);
			runOnlyForDeploymentPostprocessing = 0;
		};
/* End PBXResourcesBuildPhase section */

/* Begin PBXSourcesBuildPhase section */
		0782047A199E13E800CE9036 /* Sources */ = {
			isa = PBXSourcesBuildPhase;
			buildActionMask = 2147483647;
			files = (
				078204C2199E4D3900CE9036 /* VPImageCropperViewController.m in Sources */,
				078204BA199E195800CE9036 /* PhotoProcessingViewController.m in Sources */,
				07820498199E13E800CE9036 /* ViewController.m in Sources */,
				07820492199E13E800CE9036 /* AppDelegate.m in Sources */,
				0782054B199EBCD900CE9036 /* PixellatedPeople.m in Sources */,
				0782054D199EBCD900CE9036 /* SimpleCustom.m in Sources */,
				07820550199EBD2D00CE9036 /* OldeFilm.m in Sources */,
				0782048E199E13E800CE9036 /* main.m in Sources */,
			);
			runOnlyForDeploymentPostprocessing = 0;
		};
		0782049B199E13E800CE9036 /* Sources */ = {
			isa = PBXSourcesBuildPhase;
			buildActionMask = 2147483647;
			files = (
				078204AD199E13E800CE9036 /* CameraTest2Tests.m in Sources */,
			);
			runOnlyForDeploymentPostprocessing = 0;
		};
/* End PBXSourcesBuildPhase section */

/* Begin PBXTargetDependency section */
		078204A5199E13E800CE9036 /* PBXTargetDependency */ = {
			isa = PBXTargetDependency;
			target = 0782047D199E13E800CE9036 /* CameraTest2 */;
			targetProxy = 078204A4199E13E800CE9036 /* PBXContainerItemProxy */;
		};
/* End PBXTargetDependency section */

/* Begin PBXVariantGroup section */
		0782048A199E13E800CE9036 /* InfoPlist.strings */ = {
			isa = PBXVariantGroup;
			children = (
				0782048B199E13E800CE9036 /* en */,
			);
			name = InfoPlist.strings;
			sourceTree = "<group>";
		};
		07820493199E13E800CE9036 /* Main.storyboard */ = {
			isa = PBXVariantGroup;
			children = (
				07820494199E13E800CE9036 /* Base */,
			);
			name = Main.storyboard;
			sourceTree = "<group>";
		};
		078204A9199E13E800CE9036 /* InfoPlist.strings */ = {
			isa = PBXVariantGroup;
			children = (
				078204AA199E13E800CE9036 /* en */,
			);
			name = InfoPlist.strings;
			sourceTree = "<group>";
		};
/* End PBXVariantGroup section */

/* Begin XCBuildConfiguration section */
		078204AE199E13E800CE9036 /* Debug */ = {
			isa = XCBuildConfiguration;
			buildSettings = {
				ALWAYS_SEARCH_USER_PATHS = NO;
				CLANG_CXX_LANGUAGE_STANDARD = "gnu++0x";
				CLANG_CXX_LIBRARY = "libc++";
				CLANG_ENABLE_MODULES = YES;
				CLANG_ENABLE_OBJC_ARC = YES;
				CLANG_WARN_BOOL_CONVERSION = YES;
				CLANG_WARN_CONSTANT_CONVERSION = YES;
				CLANG_WARN_DIRECT_OBJC_ISA_USAGE = YES_ERROR;
				CLANG_WARN_EMPTY_BODY = YES;
				CLANG_WARN_ENUM_CONVERSION = YES;
				CLANG_WARN_INT_CONVERSION = YES;
				CLANG_WARN_OBJC_ROOT_CLASS = YES_ERROR;
				CLANG_WARN__DUPLICATE_METHOD_MATCH = YES;
				"CODE_SIGN_IDENTITY[sdk=iphoneos*]" = "iPhone Developer";
				COPY_PHASE_STRIP = NO;
				GCC_C_LANGUAGE_STANDARD = gnu99;
				GCC_DYNAMIC_NO_PIC = NO;
				GCC_OPTIMIZATION_LEVEL = 0;
				GCC_PREPROCESSOR_DEFINITIONS = (
					"DEBUG=1",
					"$(inherited)",
				);
				GCC_SYMBOLS_PRIVATE_EXTERN = NO;
				GCC_WARN_64_TO_32_BIT_CONVERSION = YES;
				GCC_WARN_ABOUT_RETURN_TYPE = YES_ERROR;
				GCC_WARN_UNDECLARED_SELECTOR = YES;
				GCC_WARN_UNINITIALIZED_AUTOS = YES_AGGRESSIVE;
				GCC_WARN_UNUSED_FUNCTION = YES;
				GCC_WARN_UNUSED_VARIABLE = YES;
				IPHONEOS_DEPLOYMENT_TARGET = 7.1;
				ONLY_ACTIVE_ARCH = YES;
				SDKROOT = iphoneos;
			};
			name = Debug;
		};
		078204AF199E13E800CE9036 /* Release */ = {
			isa = XCBuildConfiguration;
			buildSettings = {
				ALWAYS_SEARCH_USER_PATHS = NO;
				CLANG_CXX_LANGUAGE_STANDARD = "gnu++0x";
				CLANG_CXX_LIBRARY = "libc++";
				CLANG_ENABLE_MODULES = YES;
				CLANG_ENABLE_OBJC_ARC = YES;
				CLANG_WARN_BOOL_CONVERSION = YES;
				CLANG_WARN_CONSTANT_CONVERSION = YES;
				CLANG_WARN_DIRECT_OBJC_ISA_USAGE = YES_ERROR;
				CLANG_WARN_EMPTY_BODY = YES;
				CLANG_WARN_ENUM_CONVERSION = YES;
				CLANG_WARN_INT_CONVERSION = YES;
				CLANG_WARN_OBJC_ROOT_CLASS = YES_ERROR;
				CLANG_WARN__DUPLICATE_METHOD_MATCH = YES;
				"CODE_SIGN_IDENTITY[sdk=iphoneos*]" = "iPhone Developer";
				COPY_PHASE_STRIP = YES;
				ENABLE_NS_ASSERTIONS = NO;
				GCC_C_LANGUAGE_STANDARD = gnu99;
				GCC_WARN_64_TO_32_BIT_CONVERSION = YES;
				GCC_WARN_ABOUT_RETURN_TYPE = YES_ERROR;
				GCC_WARN_UNDECLARED_SELECTOR = YES;
				GCC_WARN_UNINITIALIZED_AUTOS = YES_AGGRESSIVE;
				GCC_WARN_UNUSED_FUNCTION = YES;
				GCC_WARN_UNUSED_VARIABLE = YES;
				IPHONEOS_DEPLOYMENT_TARGET = 7.1;
				SDKROOT = iphoneos;
				VALIDATE_PRODUCT = YES;
			};
			name = Release;
		};
		078204B1199E13E800CE9036 /* Debug */ = {
			isa = XCBuildConfiguration;
			buildSettings = {
				ASSETCATALOG_COMPILER_APPICON_NAME = AppIcon;
				ASSETCATALOG_COMPILER_LAUNCHIMAGE_NAME = LaunchImage;
				GCC_PRECOMPILE_PREFIX_HEADER = YES;
				GCC_PREFIX_HEADER = "CameraTest2/CameraTest2-Prefix.pch";
				INFOPLIST_FILE = "CameraTest2/CameraTest2-Info.plist";
				PRODUCT_NAME = "$(TARGET_NAME)";
				WRAPPER_EXTENSION = app;
			};
			name = Debug;
		};
		078204B2199E13E800CE9036 /* Release */ = {
			isa = XCBuildConfiguration;
			buildSettings = {
				ASSETCATALOG_COMPILER_APPICON_NAME = AppIcon;
				ASSETCATALOG_COMPILER_LAUNCHIMAGE_NAME = LaunchImage;
				GCC_PRECOMPILE_PREFIX_HEADER = YES;
				GCC_PREFIX_HEADER = "CameraTest2/CameraTest2-Prefix.pch";
				INFOPLIST_FILE = "CameraTest2/CameraTest2-Info.plist";
				PRODUCT_NAME = "$(TARGET_NAME)";
				WRAPPER_EXTENSION = app;
			};
			name = Release;
		};
		078204B4199E13E800CE9036 /* Debug */ = {
			isa = XCBuildConfiguration;
			buildSettings = {
				BUNDLE_LOADER = "$(BUILT_PRODUCTS_DIR)/CameraTest2.app/CameraTest2";
				FRAMEWORK_SEARCH_PATHS = (
					"$(SDKROOT)/Developer/Library/Frameworks",
					"$(inherited)",
					"$(DEVELOPER_FRAMEWORKS_DIR)",
				);
				GCC_PRECOMPILE_PREFIX_HEADER = YES;
				GCC_PREFIX_HEADER = "CameraTest2/CameraTest2-Prefix.pch";
				GCC_PREPROCESSOR_DEFINITIONS = (
					"DEBUG=1",
					"$(inherited)",
				);
				INFOPLIST_FILE = "CameraTest2Tests/CameraTest2Tests-Info.plist";
				PRODUCT_NAME = "$(TARGET_NAME)";
				TEST_HOST = "$(BUNDLE_LOADER)";
				WRAPPER_EXTENSION = xctest;
			};
			name = Debug;
		};
		078204B5199E13E800CE9036 /* Release */ = {
			isa = XCBuildConfiguration;
			buildSettings = {
				BUNDLE_LOADER = "$(BUILT_PRODUCTS_DIR)/CameraTest2.app/CameraTest2";
				FRAMEWORK_SEARCH_PATHS = (
					"$(SDKROOT)/Developer/Library/Frameworks",
					"$(inherited)",
					"$(DEVELOPER_FRAMEWORKS_DIR)",
				);
				GCC_PRECOMPILE_PREFIX_HEADER = YES;
				GCC_PREFIX_HEADER = "CameraTest2/CameraTest2-Prefix.pch";
				INFOPLIST_FILE = "CameraTest2Tests/CameraTest2Tests-Info.plist";
				PRODUCT_NAME = "$(TARGET_NAME)";
				TEST_HOST = "$(BUNDLE_LOADER)";
				WRAPPER_EXTENSION = xctest;
			};
			name = Release;
		};
/* End XCBuildConfiguration section */

/* Begin XCConfigurationList section */
		07820479199E13E800CE9036 /* Build configuration list for PBXProject "CameraTest2" */ = {
			isa = XCConfigurationList;
			buildConfigurations = (
				078204AE199E13E800CE9036 /* Debug */,
				078204AF199E13E800CE9036 /* Release */,
			);
			defaultConfigurationIsVisible = 0;
			defaultConfigurationName = Release;
		};
		078204B0199E13E800CE9036 /* Build configuration list for PBXNativeTarget "CameraTest2" */ = {
			isa = XCConfigurationList;
			buildConfigurations = (
				078204B1199E13E800CE9036 /* Debug */,
				078204B2199E13E800CE9036 /* Release */,
			);
			defaultConfigurationIsVisible = 0;
		};
		078204B3199E13E800CE9036 /* Build configuration list for PBXNativeTarget "CameraTest2Tests" */ = {
			isa = XCConfigurationList;
			buildConfigurations = (
				078204B4199E13E800CE9036 /* Debug */,
				078204B5199E13E800CE9036 /* Release */,
			);
			defaultConfigurationIsVisible = 0;
		};
/* End XCConfigurationList section */
	};
	rootObject = 07820476199E13E800CE9036 /* Project object */;
}
